
Microsoft Visual Studio Solution File, Format Version 12.00
# Visual Studio 14
VisualStudioVersion = 14.0.25420.1
MinimumVisualStudioVersion = 10.0.40219.1
Project("{2150E333-8FDC-42A3-9474-1A3956D46DE8}") = "example", "example", "{272C4A2B-3072-4236-BD05-CB90FCC92711}"
EndProject
Project("{FAE04EC0-301F-11D3-BF4B-00C04F79EFBC}") = "client1", "client1\client1.csproj", "{1E1C3293-573E-4549-98D7-7EBAA952B8C2}"
EndProject
Project("{FAE04EC0-301F-11D3-BF4B-00C04F79EFBC}") = "server1", "server1\server1.csproj", "{E59FF106-031E-4C6C-B034-F6743DEC87D6}"
EndProject
Project("{2150E333-8FDC-42A3-9474-1A3956D46DE8}") = "face", "face", "{78497075-D202-4418-8B91-B5C9D8775D3A}"
EndProject
Project("{FAE04EC0-301F-11D3-BF4B-00C04F79EFBC}") = "FaceClient", "FaceClient\FaceClient.csproj", "{FF5E0CD2-FA77-4623-AA21-C3FD5FA35742}"
EndProject
Project("{FAE04EC0-301F-11D3-BF4B-00C04F79EFBC}") = "server", "server\server.csproj", "{4012D8FB-597F-42B2-B7BD-6C192877F72D}"
EndProject
Project("{2150E333-8FDC-42A3-9474-1A3956D46DE8}") = "callback", "callback", "{1F565A85-D013-45F8-A3C8-E9FBCCF750DC}"
EndProject
Project("{FAE04EC0-301F-11D3-BF4B-00C04F79EFBC}") = "client", "client\client.csproj", "{D03A285B-EEBA-4CF6-9159-93A41AD2EF28}"
EndProject
Project("{FAE04EC0-301F-11D3-BF4B-00C04F79EFBC}") = "server-callback", "server-callback\server-callback.csproj", "{0CF70B05-026E-4D7D-B299-EC2B2EA03DF9}"
EndProject
Project("{2150E333-8FDC-42A3-9474-1A3956D46DE8}") = "faceEx", "faceEx", "{BB19DA12-1F97-4369-9BD6-2C16CB6509F8}"
EndProject
Project("{FAE04EC0-301F-11D3-BF4B-00C04F79EFBC}") = "serverEx", "serverEx\serverEx.csproj", "{9FBF4998-65C5-444A-9291-496D73C715BE}"
EndProject
Project("{FAE04EC0-301F-11D3-BF4B-00C04F79EFBC}") = "FaceClientEx", "FaceClientEx\FaceClientEx.csproj", "{BF7A2C76-0F2E-4BB3-8D97-8836BDDAF033}"
EndProject
Project("{FAE04EC0-301F-11D3-BF4B-00C04F79EFBC}") = "XmlExt", "Share\XmlExt.csproj", "{1847DE81-EA14-4555-8760-50BDA89A85D1}"
EndProject
Project("{2150E333-8FDC-42A3-9474-1A3956D46DE8}") = "AirPort", "AirPort", "{D809F3D2-8271-4FBA-8C39-26A16694306F}"
EndProject
Project("{FAE04EC0-301F-11D3-BF4B-00C04F79EFBC}") = "AirPort_Server", "AirPort-Server\AirPort_Server.csproj", "{AB791C48-3F7D-443E-8AC3-CEF47D8C274B}"
EndProject
Project("{FAE04EC0-301F-11D3-BF4B-00C04F79EFBC}") = "AirPort_Client", "AirPort_Client\AirPort_Client.csproj", "{539C4298-0EFB-42FA-BD85-2C424D2C41FA}"
EndProject
Project("{FAE04EC0-301F-11D3-BF4B-00C04F79EFBC}") = "FaceCore", "FaceCore\FaceCore.csproj", "{F867BBBE-C934-483D-BE19-6DD5C3B07481}"
EndProject
Global
	GlobalSection(SolutionConfigurationPlatforms) = preSolution
		Debug|Any CPU = Debug|Any CPU
		Release|Any CPU = Release|Any CPU
	EndGlobalSection
	GlobalSection(ProjectConfigurationPlatforms) = postSolution
		{1E1C3293-573E-4549-98D7-7EBAA952B8C2}.Debug|Any CPU.ActiveCfg = Debug|Any CPU
		{1E1C3293-573E-4549-98D7-7EBAA952B8C2}.Debug|Any CPU.Build.0 = Debug|Any CPU
		{1E1C3293-573E-4549-98D7-7EBAA952B8C2}.Release|Any CPU.ActiveCfg = Release|Any CPU
		{1E1C3293-573E-4549-98D7-7EBAA952B8C2}.Release|Any CPU.Build.0 = Release|Any CPU
		{E59FF106-031E-4C6C-B034-F6743DEC87D6}.Debug|Any CPU.ActiveCfg = Debug|Any CPU
		{E59FF106-031E-4C6C-B034-F6743DEC87D6}.Debug|Any CPU.Build.0 = Debug|Any CPU
		{E59FF106-031E-4C6C-B034-F6743DEC87D6}.Release|Any CPU.ActiveCfg = Release|Any CPU
		{E59FF106-031E-4C6C-B034-F6743DEC87D6}.Release|Any CPU.Build.0 = Release|Any CPU
		{FF5E0CD2-FA77-4623-AA21-C3FD5FA35742}.Debug|Any CPU.ActiveCfg = Debug|Any CPU
		{FF5E0CD2-FA77-4623-AA21-C3FD5FA35742}.Debug|Any CPU.Build.0 = Debug|Any CPU
		{FF5E0CD2-FA77-4623-AA21-C3FD5FA35742}.Release|Any CPU.ActiveCfg = Release|Any CPU
		{FF5E0CD2-FA77-4623-AA21-C3FD5FA35742}.Release|Any CPU.Build.0 = Release|Any CPU
		{4012D8FB-597F-42B2-B7BD-6C192877F72D}.Debug|Any CPU.ActiveCfg = Debug|Any CPU
		{4012D8FB-597F-42B2-B7BD-6C192877F72D}.Debug|Any CPU.Build.0 = Debug|Any CPU
		{4012D8FB-597F-42B2-B7BD-6C192877F72D}.Release|Any CPU.ActiveCfg = Release|Any CPU
		{4012D8FB-597F-42B2-B7BD-6C192877F72D}.Release|Any CPU.Build.0 = Release|Any CPU
		{D03A285B-EEBA-4CF6-9159-93A41AD2EF28}.Debug|Any CPU.ActiveCfg = Debug|Any CPU
		{D03A285B-EEBA-4CF6-9159-93A41AD2EF28}.Debug|Any CPU.Build.0 = Debug|Any CPU
		{D03A285B-EEBA-4CF6-9159-93A41AD2EF28}.Release|Any CPU.ActiveCfg = Release|Any CPU
		{D03A285B-EEBA-4CF6-9159-93A41AD2EF28}.Release|Any CPU.Build.0 = Release|Any CPU
		{0CF70B05-026E-4D7D-B299-EC2B2EA03DF9}.Debug|Any CPU.ActiveCfg = Debug|Any CPU
		{0CF70B05-026E-4D7D-B299-EC2B2EA03DF9}.Debug|Any CPU.Build.0 = Debug|Any CPU
		{0CF70B05-026E-4D7D-B299-EC2B2EA03DF9}.Release|Any CPU.ActiveCfg = Release|Any CPU
		{0CF70B05-026E-4D7D-B299-EC2B2EA03DF9}.Release|Any CPU.Build.0 = Release|Any CPU
		{9FBF4998-65C5-444A-9291-496D73C715BE}.Debug|Any CPU.ActiveCfg = Debug|Any CPU
		{9FBF4998-65C5-444A-9291-496D73C715BE}.Debug|Any CPU.Build.0 = Debug|Any CPU
		{9FBF4998-65C5-444A-9291-496D73C715BE}.Release|Any CPU.ActiveCfg = Release|Any CPU
		{9FBF4998-65C5-444A-9291-496D73C715BE}.Release|Any CPU.Build.0 = Release|Any CPU
		{BF7A2C76-0F2E-4BB3-8D97-8836BDDAF033}.Debug|Any CPU.ActiveCfg = Debug|Any CPU
		{BF7A2C76-0F2E-4BB3-8D97-8836BDDAF033}.Debug|Any CPU.Build.0 = Debug|Any CPU
		{BF7A2C76-0F2E-4BB3-8D97-8836BDDAF033}.Release|Any CPU.ActiveCfg = Release|Any CPU
		{BF7A2C76-0F2E-4BB3-8D97-8836BDDAF033}.Release|Any CPU.Build.0 = Release|Any CPU
		{1847DE81-EA14-4555-8760-50BDA89A85D1}.Debug|Any CPU.ActiveCfg = Debug|Any CPU
		{1847DE81-EA14-4555-8760-50BDA89A85D1}.Debug|Any CPU.Build.0 = Debug|Any CPU
		{1847DE81-EA14-4555-8760-50BDA89A85D1}.Release|Any CPU.ActiveCfg = Release|Any CPU
		{1847DE81-EA14-4555-8760-50BDA89A85D1}.Release|Any CPU.Build.0 = Release|Any CPU
		{AB791C48-3F7D-443E-8AC3-CEF47D8C274B}.Debug|Any CPU.ActiveCfg = Debug|Any CPU
		{AB791C48-3F7D-443E-8AC3-CEF47D8C274B}.Debug|Any CPU.Build.0 = Debug|Any CPU
		{AB791C48-3F7D-443E-8AC3-CEF47D8C274B}.Release|Any CPU.ActiveCfg = Release|Any CPU
		{AB791C48-3F7D-443E-8AC3-CEF47D8C274B}.Release|Any CPU.Build.0 = Release|Any CPU
		{539C4298-0EFB-42FA-BD85-2C424D2C41FA}.Debug|Any CPU.ActiveCfg = Debug|Any CPU
		{539C4298-0EFB-42FA-BD85-2C424D2C41FA}.Debug|Any CPU.Build.0 = Debug|Any CPU
		{539C4298-0EFB-42FA-BD85-2C424D2C41FA}.Release|Any CPU.ActiveCfg = Release|Any CPU
		{539C4298-0EFB-42FA-BD85-2C424D2C41FA}.Release|Any CPU.Build.0 = Release|Any CPU
		{F867BBBE-C934-483D-BE19-6DD5C3B07481}.Debug|Any CPU.ActiveCfg = Debug|Any CPU
		{F867BBBE-C934-483D-BE19-6DD5C3B07481}.Debug|Any CPU.Build.0 = Debug|Any CPU
		{F867BBBE-C934-483D-BE19-6DD5C3B07481}.Release|Any CPU.ActiveCfg = Release|Any CPU
		{F867BBBE-C934-483D-BE19-6DD5C3B07481}.Release|Any CPU.Build.0 = Release|Any CPU
	EndGlobalSection
	GlobalSection(SolutionProperties) = preSolution
		HideSolutionNode = FALSE
	EndGlobalSection
	GlobalSection(NestedProjects) = preSolution
		{1E1C3293-573E-4549-98D7-7EBAA952B8C2} = {272C4A2B-3072-4236-BD05-CB90FCC92711}
		{E59FF106-031E-4C6C-B034-F6743DEC87D6} = {272C4A2B-3072-4236-BD05-CB90FCC92711}
		{FF5E0CD2-FA77-4623-AA21-C3FD5FA35742} = {78497075-D202-4418-8B91-B5C9D8775D3A}
		{4012D8FB-597F-42B2-B7BD-6C192877F72D} = {78497075-D202-4418-8B91-B5C9D8775D3A}
		{D03A285B-EEBA-4CF6-9159-93A41AD2EF28} = {1F565A85-D013-45F8-A3C8-E9FBCCF750DC}
		{0CF70B05-026E-4D7D-B299-EC2B2EA03DF9} = {1F565A85-D013-45F8-A3C8-E9FBCCF750DC}
		{9FBF4998-65C5-444A-9291-496D73C715BE} = {BB19DA12-1F97-4369-9BD6-2C16CB6509F8}
		{BF7A2C76-0F2E-4BB3-8D97-8836BDDAF033} = {BB19DA12-1F97-4369-9BD6-2C16CB6509F8}
		{AB791C48-3F7D-443E-8AC3-CEF47D8C274B} = {D809F3D2-8271-4FBA-8C39-26A16694306F}
		{539C4298-0EFB-42FA-BD85-2C424D2C41FA} = {D809F3D2-8271-4FBA-8C39-26A16694306F}
		{F867BBBE-C934-483D-BE19-6DD5C3B07481} = {D809F3D2-8271-4FBA-8C39-26A16694306F}
	EndGlobalSection
EndGlobal
